{
  "requires": true,
  "lockfileVersion": 1,
  "dependencies": {
    "@babel/runtime": {
      "version": "7.23.8",
      "resolved": "https://registry.npmmirror.com/@babel/runtime/-/runtime-7.23.8.tgz",
      "integrity": "sha512-Y7KbAP984rn1VGMbGqKmBLio9V7y5Je9GvU4rQPCPinCyNfUcToxIXl06d59URp/F3LwinvODxab5N/G6qggkw==",
      "dev": true,
      "requires": {
        "regenerator-runtime": "^0.14.0"
      }
    },
    "@lucky-canvas/uni": {
      "version": "0.0.13",
      "resolved": "https://registry.npmmirror.com/@lucky-canvas/uni/-/uni-0.0.13.tgz",
      "integrity": "sha512-rtudKkWgGY+Uj+1xvZJqbQ/NMGGvge/os0cypj12EO6RK8ZX0NKVR97SxEsFG7mn96cDn96tCg12MwmYQHkB9g==",
      "requires": {
        "lucky-canvas": "~1.7.19"
      }
    },
    "@lucky-canvas/vue": {
      "version": "0.1.11",
      "resolved": "https://registry.npmmirror.com/@lucky-canvas/vue/-/vue-0.1.11.tgz",
      "integrity": "sha512-5vm0txSKRBtMgrE/HZEvw1joSTx9NTdAkc8tBp/aX0LxyhQtiTVBLsRgdYUK/OiURCL8bo+046BTGnV+Q4JFlg==",
      "requires": {
        "@vue/composition-api": "^1.0.0",
        "lucky-canvas": "^1.7.23",
        "vue-demi": "^0.7.4"
      }
    },
    "@vue/composition-api": {
      "version": "1.7.2",
      "resolved": "https://registry.npmmirror.com/@vue/composition-api/-/composition-api-1.7.2.tgz",
      "integrity": "sha512-M8jm9J/laYrYT02665HkZ5l2fWTK4dcVg3BsDHm/pfz+MjDYwX+9FUaZyGwEyXEDonQYRCo0H7aLgdklcIELjw=="
    },
    "ajv-errors": {
      "version": "1.0.1",
      "resolved": "https://registry.npmjs.org/ajv-errors/-/ajv-errors-1.0.1.tgz",
      "integrity": "sha512-DCRfO/4nQ+89p/RK43i8Ezd41EqdGIU4ld7nGF8OQ14oc/we5rEntLCUa7+jrn3nn83BosfwZA0wb4pon2o8iQ==",
      "dev": true
    },
    "ansi-colors": {
      "version": "3.2.4",
      "resolved": "https://registry.npmjs.org/ansi-colors/-/ansi-colors-3.2.4.tgz",
      "integrity": "sha512-hHUXGagefjN2iRrID63xckIvotOXOojhQKWIPUZ4mNUZ9nLZW+7FMNoE1lOkEhNWYsx/7ysGIuJYCiMAA9FnrA==",
      "dev": true
    },
    "aproba": {
      "version": "1.2.0",
      "resolved": "https://registry.npmjs.org/aproba/-/aproba-1.2.0.tgz",
      "integrity": "sha512-Y9J6ZjXtoYh8RnXVCMOU/ttDmk1aBjunq9vO0ta5x85WDQiQfUF9sIPBITdbiiIVcBo03Hi3jMxigBtsddlXRw==",
      "dev": true
    },
    "array-union": {
      "version": "1.0.2",
      "resolved": "https://registry.npmjs.org/array-union/-/array-union-1.0.2.tgz",
      "integrity": "sha512-Dxr6QJj/RdU/hCaBjOfxW+q6lyuVE6JFWIrAUpuOOhoJJoQ99cUn3igRaHVB5P9WrgFVN0FfArM3x0cueOU8ng==",
      "dev": true,
      "requires": {
        "array-uniq": "^1.0.1"
      }
    },
    "array-uniq": {
      "version": "1.0.3",
      "resolved": "https://registry.npmjs.org/array-uniq/-/array-uniq-1.0.3.tgz",
      "integrity": "sha512-MNha4BWQ6JbwhFhj03YK552f7cb3AzoE8SzeljgChvL1dl3IcvggXVz1DilzySZkCja+CXuZbdW7yATchWn8/Q==",
      "dev": true
    },
    "balanced-match": {
      "version": "1.0.2",
      "resolved": "https://registry.npmjs.org/balanced-match/-/balanced-match-1.0.2.tgz",
      "integrity": "sha512-3oSeUO0TMV67hN1AmbXsK4yaqU7tjiHlbxRDZOpH0KW9+CeX4bRAaX0Anxt0tx2MrpRpWwQaPwIlISEJhYU5Pw==",
      "dev": true
    },
    "big.js": {
      "version": "5.2.2",
      "resolved": "https://registry.npmjs.org/big.js/-/big.js-5.2.2.tgz",
      "integrity": "sha512-vyL2OymJxmarO8gxMr0mhChsO9QGwhynfuu4+MHTAW6czfq9humCB7rKpUjDd9YUiDPU4mzpyupFSvOClAwbmQ==",
      "dev": true
    },
    "bluebird": {
      "version": "3.7.2",
      "resolved": "https://registry.npmjs.org/bluebird/-/bluebird-3.7.2.tgz",
      "integrity": "sha512-XpNj6GDQzdfW+r2Wnn7xiSAd7TM3jzkxGXBGTtWKuSXv1xUV+azxAm8jdWZN06QTQk+2N2XB9jRDkvbmQmcRtg==",
      "dev": true
    },
    "brace-expansion": {
      "version": "1.1.11",
      "resolved": "https://registry.npmjs.org/brace-expansion/-/brace-expansion-1.1.11.tgz",
      "integrity": "sha512-iCuPHDFgrHX7H2vEI/5xpz07zSHB00TpugqhmYtVmMO6518mCuRMoOYFldEBl0g187ufozdaHgWKcYFb61qGiA==",
      "dev": true,
      "requires": {
        "balanced-match": "^1.0.0",
        "concat-map": "0.0.1"
      }
    },
    "buffer-from": {
      "version": "1.1.2",
      "resolved": "https://registry.npmjs.org/buffer-from/-/buffer-from-1.1.2.tgz",
      "integrity": "sha512-E+XQCRwSbaaiChtv6k6Dwgc+bx+Bs6vuKJHHl5kox/BaKbhiXzqQOwK4cO22yElGp2OCmjwVhT3HmxgyPGnJfQ==",
      "dev": true
    },
    "cacache": {
      "version": "12.0.4",
      "resolved": "https://registry.npmjs.org/cacache/-/cacache-12.0.4.tgz",
      "integrity": "sha512-a0tMB40oefvuInr4Cwb3GerbL9xTj1D5yg0T5xrjGCGyfvbxseIXX7BAO/u/hIXdafzOI5JC3wDwHyf24buOAQ==",
      "dev": true,
      "requires": {
        "bluebird": "^3.5.5",
        "chownr": "^1.1.1",
        "figgy-pudding": "^3.5.1",
        "glob": "^7.1.4",
        "graceful-fs": "^4.1.15",
        "infer-owner": "^1.0.3",
        "lru-cache": "^5.1.1",
        "mississippi": "^3.0.0",
        "mkdirp": "^0.5.1",
        "move-concurrently": "^1.0.1",
        "promise-inflight": "^1.0.1",
        "rimraf": "^2.6.3",
        "ssri": "^6.0.1",
        "unique-filename": "^1.1.1",
        "y18n": "^4.0.0"
      }
    },
    "call-bind": {
      "version": "1.0.5",
      "resolved": "https://registry.npmjs.org/call-bind/-/call-bind-1.0.5.tgz",
      "integrity": "sha512-C3nQxfFZxFRVoJoGKKI8y3MOEo129NQ+FgQ08iye+Mk4zNZZGdjfs06bVTr+DBSlA66Q2VEcMki/cUCP4SercQ==",
      "requires": {
        "function-bind": "^1.1.2",
        "get-intrinsic": "^1.2.1",
        "set-function-length": "^1.1.1"
      }
    },
    "chownr": {
      "version": "1.1.4",
      "resolved": "https://registry.npmjs.org/chownr/-/chownr-1.1.4.tgz",
      "integrity": "sha512-jJ0bqzaylmJtVnNgzTeSOs8DPavpbYgEr/b0YL8/2GO3xJEhInFmhKMUnEJQjZumK7KXGFhUy89PrsJWlakBVg==",
      "dev": true
    },
    "commondir": {
      "version": "1.0.1",
      "resolved": "https://registry.npmjs.org/commondir/-/commondir-1.0.1.tgz",
      "integrity": "sha512-W9pAhw0ja1Edb5GVdIF1mjZw/ASI0AlShXM83UUGe2DVr5TdAPEA1OA8m/g8zWp9x6On7gqufY+FatDbC3MDQg==",
      "dev": true
    },
    "concat-map": {
      "version": "0.0.1",
      "resolved": "https://registry.npmjs.org/concat-map/-/concat-map-0.0.1.tgz",
      "integrity": "sha512-/Srv4dswyQNBfohGpz9o6Yb3Gz3SrUDqBH5rTuhGR7ahtlbYKnVxw2bCFMRljaA7EXHaXZ8wsHdodFvbkhKmqg==",
      "dev": true
    },
    "concat-stream": {
      "version": "1.6.2",
      "resolved": "https://registry.npmjs.org/concat-stream/-/concat-stream-1.6.2.tgz",
      "integrity": "sha512-27HBghJxjiZtIk3Ycvn/4kbJk/1uZuJFfuPEns6LaEvpvG1f0hTea8lilrouyo9mVc2GWdcEZ8OLoGmSADlrCw==",
      "dev": true,
      "requires": {
        "buffer-from": "^1.0.0",
        "inherits": "^2.0.3",
        "readable-stream": "^2.2.2",
        "typedarray": "^0.0.6"
      }
    },
    "copy-concurrently": {
      "version": "1.0.5",
      "resolved": "https://registry.npmjs.org/copy-concurrently/-/copy-concurrently-1.0.5.tgz",
      "integrity": "sha512-f2domd9fsVDFtaFcbaRZuYXwtdmnzqbADSwhSWYxYB/Q8zsdUUFMXVRwXGDMWmbEzAn1kdRrtI1T/KTFOL4X2A==",
      "dev": true,
      "requires": {
        "aproba": "^1.1.1",
        "fs-write-stream-atomic": "^1.0.8",
        "iferr": "^0.1.5",
        "mkdirp": "^0.5.1",
        "rimraf": "^2.5.4",
        "run-queue": "^1.0.0"
      }
    },
    "copy-text-to-clipboard": {
      "version": "3.2.0",
      "resolved": "https://registry.npmmirror.com/copy-text-to-clipboard/-/copy-text-to-clipboard-3.2.0.tgz",
      "integrity": "sha512-RnJFp1XR/LOBDckxTib5Qjr/PMfkatD0MUCQgdpqS8MdKiNUzBjAQBEN6oUy+jW7LI93BBG3DtMB2KOOKpGs2Q==",
      "dev": true
    },
    "copy-webpack-plugin": {
      "version": "5.1.0",
      "resolved": "https://registry.npmjs.org/copy-webpack-plugin/-/copy-webpack-plugin-5.1.0.tgz",
      "integrity": "sha512-0sNrj/Sx7/cWA0k7CVQa0sdA/dzCybqSb0+GbhKuQdOlAvnAwgC2osmbAFOAfha7ZXnreoQmCq5oDjG3gP4VHw==",
      "dev": true,
      "requires": {
        "cacache": "^12.0.3",
        "find-cache-dir": "^2.1.0",
        "glob-parent": "^3.1.0",
        "globby": "^7.1.1",
        "is-glob": "^4.0.1",
        "loader-utils": "^1.2.3",
        "minimatch": "^3.0.4",
        "normalize-path": "^3.0.0",
        "p-limit": "^2.2.1",
        "schema-utils": "^1.0.0",
        "serialize-javascript": "^2.1.2",
        "webpack-log": "^2.0.0"
      },
      "dependencies": {
        "ajv": {
          "version": "6.12.6",
          "resolved": "https://registry.npmjs.org/ajv/-/ajv-6.12.6.tgz",
          "integrity": "sha512-j3fVLgvTo527anyYyJOGTYJbG+vnnQYvE0m5mmkc1TK+nxAppkCLMIL0aZ4dblVCNoGShhm+kzE4ZUykBoMg4g==",
          "dev": true,
          "requires": {
            "fast-deep-equal": "^3.1.1",
            "fast-json-stable-stringify": "^2.0.0",
            "json-schema-traverse": "^0.4.1",
            "uri-js": "^4.2.2"
          }
        },
        "ajv-keywords": {
          "version": "3.5.2",
          "resolved": "https://registry.npmjs.org/ajv-keywords/-/ajv-keywords-3.5.2.tgz",
          "integrity": "sha512-5p6WTN0DdTGVQk6VjcEju19IgaHudalcfabD7yhDGeA6bcQnmL+CpveLJq/3hvfwd1aof6L386Ougkx6RfyMIQ==",
          "dev": true
        },
        "glob-parent": {
          "version": "3.1.0",
          "resolved": "https://registry.npmjs.org/glob-parent/-/glob-parent-3.1.0.tgz",
          "integrity": "sha512-E8Ak/2+dZY6fnzlR7+ueWvhsH1SjHr4jjss4YS/h4py44jY9MhK/VFdaZJAWDz6BbL21KeteKxFSFpq8OS5gVA==",
          "dev": true,
          "requires": {
            "is-glob": "^3.1.0",
            "path-dirname": "^1.0.0"
          },
          "dependencies": {
            "is-glob": {
              "version": "3.1.0",
              "resolved": "https://registry.npmjs.org/is-glob/-/is-glob-3.1.0.tgz",
              "integrity": "sha512-UFpDDrPgM6qpnFNI+rh/p3bUaq9hKLZN8bMUWzxmcnZVS3omf4IPK+BrewlnWjO1WmUsMYuSjKh4UJuV4+Lqmw==",
              "dev": true,
              "requires": {
                "is-extglob": "^2.1.0"
              }
            }
          }
        },
        "globby": {
          "version": "7.1.1",
          "resolved": "https://registry.npmjs.org/globby/-/globby-7.1.1.tgz",
          "integrity": "sha512-yANWAN2DUcBtuus5Cpd+SKROzXHs2iVXFZt/Ykrfz6SAXqacLX25NZpltE+39ceMexYF4TtEadjuSTw8+3wX4g==",
          "dev": true,
          "requires": {
            "array-union": "^1.0.1",
            "dir-glob": "^2.0.0",
            "glob": "^7.1.2",
            "ignore": "^3.3.5",
            "pify": "^3.0.0",
            "slash": "^1.0.0"
          }
        },
        "ignore": {
          "version": "3.3.10",
          "resolved": "https://registry.npmjs.org/ignore/-/ignore-3.3.10.tgz",
          "integrity": "sha512-Pgs951kaMm5GXP7MOvxERINe3gsaVjUWFm+UZPSq9xYriQAksyhg0csnS0KXSNRD5NmNdapXEpjxG49+AKh/ug==",
          "dev": true
        },
        "json-schema-traverse": {
          "version": "0.4.1",
          "resolved": "https://registry.npmjs.org/json-schema-traverse/-/json-schema-traverse-0.4.1.tgz",
          "integrity": "sha512-xbbCH5dCYU5T8LcEhhuh7HJ88HXuW3qsI3Y0zOZFKfZEHcpWiHU/Jxzk629Brsab/mMiHQti9wMP+845RPe3Vg==",
          "dev": true
        },
        "pify": {
          "version": "3.0.0",
          "resolved": "https://registry.npmjs.org/pify/-/pify-3.0.0.tgz",
          "integrity": "sha512-C3FsVNH1udSEX48gGX1xfvwTWfsYWj5U+8/uK15BGzIGrKoUpghX8hWZwa/OFnakBiiVNmBvemTJR5mcy7iPcg==",
          "dev": true
        },
        "schema-utils": {
          "version": "1.0.0",
          "resolved": "https://registry.npmjs.org/schema-utils/-/schema-utils-1.0.0.tgz",
          "integrity": "sha512-i27Mic4KovM/lnGsy8whRCHhc7VicJajAjTrYg11K9zfZXnYIt4k5F+kZkwjnrhKzLic/HLU4j11mjsz2G/75g==",
          "dev": true,
          "requires": {
            "ajv": "^6.1.0",
            "ajv-errors": "^1.0.0",
            "ajv-keywords": "^3.1.0"
          }
        },
        "serialize-javascript": {
          "version": "2.1.2",
          "resolved": "https://registry.npmjs.org/serialize-javascript/-/serialize-javascript-2.1.2.tgz",
          "integrity": "sha512-rs9OggEUF0V4jUSecXazOYsLfu7OGK2qIn3c7IPBiffz32XniEp/TX9Xmc9LQfK2nQ2QKHvZ2oygKUGU0lG4jQ==",
          "dev": true
        },
        "slash": {
          "version": "1.0.0",
          "resolved": "https://registry.npmjs.org/slash/-/slash-1.0.0.tgz",
          "integrity": "sha512-3TYDR7xWt4dIqV2JauJr+EJeW356RXijHeUlO+8djJ+uBXPn8/2dpzBc8yQhh583sVvc9CvFAeQVgijsH+PNNg==",
          "dev": true
        }
      }
    },
    "core-js": {
      "version": "3.35.0",
      "resolved": "https://registry.npmmirror.com/core-js/-/core-js-3.35.0.tgz",
      "integrity": "sha512-ntakECeqg81KqMueeGJ79Q5ZgQNR+6eaE8sxGCx62zMbAIj65q+uYvatToew3m6eAGdU4gNZwpZ34NMe4GYswg==",
      "dev": true
    },
    "core-util-is": {
      "version": "1.0.3",
      "resolved": "https://registry.npmjs.org/core-util-is/-/core-util-is-1.0.3.tgz",
      "integrity": "sha512-ZQBvi1DcpJ4GDqanjucZ2Hj3wEO5pZDS89BWbkcrvdxksJorwUDDZamX9ldFkp9aw2lmBDLgkObEA4DWNJ9FYQ==",
      "dev": true
    },
    "cyclist": {
      "version": "1.0.2",
      "resolved": "https://registry.npmjs.org/cyclist/-/cyclist-1.0.2.tgz",
      "integrity": "sha512-0sVXIohTfLqVIW3kb/0n6IiWF3Ifj5nm2XaSrLq2DI6fKIGa2fYAZdk917rUneaeLVpYfFcyXE2ft0fe3remsA==",
      "dev": true
    },
    "define-data-property": {
      "version": "1.1.1",
      "resolved": "https://registry.npmjs.org/define-data-property/-/define-data-property-1.1.1.tgz",
      "integrity": "sha512-E7uGkTzkk1d0ByLeSc6ZsFS79Axg+m1P/VsgYsxHgiuc3tFSj+MjMIwe90FC4lOAZzNBdY7kkO2P2wKdsQ1vgQ==",
      "requires": {
        "get-intrinsic": "^1.2.1",
        "gopd": "^1.0.1",
        "has-property-descriptors": "^1.0.0"
      }
    },
    "dir-glob": {
      "version": "2.2.2",
      "resolved": "https://registry.npmjs.org/dir-glob/-/dir-glob-2.2.2.tgz",
      "integrity": "sha512-f9LBi5QWzIW3I6e//uxZoLBlUt9kcp66qo0sSCxL6YZKc75R1c4MFCoe/LaZiBGmgujvQdxc5Bn3QhfyvK5Hsw==",
      "dev": true,
      "requires": {
        "path-type": "^3.0.0"
      },
      "dependencies": {
        "path-type": {
          "version": "3.0.0",
          "resolved": "https://registry.npmjs.org/path-type/-/path-type-3.0.0.tgz",
          "integrity": "sha512-T2ZUsdZFHgA3u4e5PfPbjd7HDDpxPnQb5jN0SrDsjNSuVXHJqtwTnWqG0B1jZrgmJ/7lj1EmVIByWt1gxGkWvg==",
          "dev": true,
          "requires": {
            "pify": "^3.0.0"
          }
        },
        "pify": {
          "version": "3.0.0",
          "resolved": "https://registry.npmjs.org/pify/-/pify-3.0.0.tgz",
          "integrity": "sha512-C3FsVNH1udSEX48gGX1xfvwTWfsYWj5U+8/uK15BGzIGrKoUpghX8hWZwa/OFnakBiiVNmBvemTJR5mcy7iPcg==",
          "dev": true
        }
      }
    },
    "duplexify": {
      "version": "3.7.1",
      "resolved": "https://registry.npmjs.org/duplexify/-/duplexify-3.7.1.tgz",
      "integrity": "sha512-07z8uv2wMyS51kKhD1KsdXJg5WQ6t93RneqRxUHnskXVtlYYkLqM0gqStQZ3pj073g687jPCHrqNfCzawLYh5g==",
      "dev": true,
      "requires": {
        "end-of-stream": "^1.0.0",
        "inherits": "^2.0.1",
        "readable-stream": "^2.0.0",
        "stream-shift": "^1.0.0"
      }
    },
    "emojis-list": {
      "version": "3.0.0",
      "resolved": "https://registry.npmjs.org/emojis-list/-/emojis-list-3.0.0.tgz",
      "integrity": "sha512-/kyM18EfinwXZbno9FyUGeFh87KC8HRQBQGildHZbEuRyWFOmv1U10o9BBp8XVZDVNNuQKyIGIu5ZYAAXJ0V2Q==",
      "dev": true
    },
    "end-of-stream": {
      "version": "1.4.4",
      "resolved": "https://registry.npmjs.org/end-of-stream/-/end-of-stream-1.4.4.tgz",
      "integrity": "sha512-+uw1inIHVPQoaVuHzRyXd21icM+cnt4CzD5rW+NC1wjOUSTOs+Te7FOv7AhN7vS9x/oIyhLP5PR1H+phQAHu5Q==",
      "dev": true,
      "requires": {
        "once": "^1.4.0"
      }
    },
    "fast-deep-equal": {
      "version": "3.1.3",
      "resolved": "https://registry.npmjs.org/fast-deep-equal/-/fast-deep-equal-3.1.3.tgz",
      "integrity": "sha512-f3qQ9oQy9j2AhBe/H9VC91wLmKBCCU/gDOnKNAYG5hswO7BLKj09Hc5HYNz9cGI++xlpDCIgDaitVs03ATR84Q==",
      "dev": true
    },
    "fast-json-stable-stringify": {
      "version": "2.1.0",
      "resolved": "https://registry.npmjs.org/fast-json-stable-stringify/-/fast-json-stable-stringify-2.1.0.tgz",
      "integrity": "sha512-lhd/wF+Lk98HZoTCtlVraHtfh5XYijIjalXck7saUtuanSDyLMxnHhSXEDJqHxD7msR8D0uCmqlkwjCV8xvwHw==",
      "dev": true
    },
    "figgy-pudding": {
      "version": "3.5.2",
      "resolved": "https://registry.npmjs.org/figgy-pudding/-/figgy-pudding-3.5.2.tgz",
      "integrity": "sha512-0btnI/H8f2pavGMN8w40mlSKOfTK2SVJmBfBeVIj3kNw0swwgzyRq0d5TJVOwodFmtvpPeWPN/MCcfuWF0Ezbw==",
      "dev": true
    },
    "find-cache-dir": {
      "version": "2.1.0",
      "resolved": "https://registry.npmjs.org/find-cache-dir/-/find-cache-dir-2.1.0.tgz",
      "integrity": "sha512-Tq6PixE0w/VMFfCgbONnkiQIVol/JJL7nRMi20fqzA4NRs9AfeqMGeRdPi3wIhYkxjeBaWh2rxwapn5Tu3IqOQ==",
      "dev": true,
      "requires": {
        "commondir": "^1.0.1",
        "make-dir": "^2.0.0",
        "pkg-dir": "^3.0.0"
      }
    },
    "find-up": {
      "version": "3.0.0",
      "resolved": "https://registry.npmjs.org/find-up/-/find-up-3.0.0.tgz",
      "integrity": "sha512-1yD6RmLI1XBfxugvORwlck6f75tYL+iR0jqwsOrOxMZyGYqUuDhJ0l4AXdO1iX/FTs9cBAMEk1gWSEx1kSbylg==",
      "dev": true,
      "requires": {
        "locate-path": "^3.0.0"
      }
    },
    "flush-write-stream": {
      "version": "1.1.1",
      "resolved": "https://registry.npmjs.org/flush-write-stream/-/flush-write-stream-1.1.1.tgz",
      "integrity": "sha512-3Z4XhFZ3992uIq0XOqb9AreonueSYphE6oYbpt5+3u06JWklbsPkNv3ZKkP9Bz/r+1MWCaMoSQ28P85+1Yc77w==",
      "dev": true,
      "requires": {
        "inherits": "^2.0.3",
        "readable-stream": "^2.3.6"
      }
    },
    "from2": {
      "version": "2.3.0",
      "resolved": "https://registry.npmjs.org/from2/-/from2-2.3.0.tgz",
      "integrity": "sha512-OMcX/4IC/uqEPVgGeyfN22LJk6AZrMkRZHxcHBMBvHScDGgwTm2GT2Wkgtocyd3JfZffjj2kYUDXXII0Fk9W0g==",
      "dev": true,
      "requires": {
        "inherits": "^2.0.1",
        "readable-stream": "^2.0.0"
      }
    },
    "fs-write-stream-atomic": {
      "version": "1.0.10",
      "resolved": "https://registry.npmjs.org/fs-write-stream-atomic/-/fs-write-stream-atomic-1.0.10.tgz",
      "integrity": "sha512-gehEzmPn2nAwr39eay+x3X34Ra+M2QlVUTLhkXPjWdeO8RF9kszk116avgBJM3ZyNHgHXBNx+VmPaFC36k0PzA==",
      "dev": true,
      "requires": {
        "graceful-fs": "^4.1.2",
        "iferr": "^0.1.5",
        "imurmurhash": "^0.1.4",
        "readable-stream": "1 || 2"
      }
    },
    "fs.realpath": {
      "version": "1.0.0",
      "resolved": "https://registry.npmjs.org/fs.realpath/-/fs.realpath-1.0.0.tgz",
      "integrity": "sha512-OO0pH2lK6a0hZnAdau5ItzHPI6pUlvI7jMVnxUQRtw4owF2wk8lOSabtGDCTP4Ggrg2MbGnWO9X8K1t4+fGMDw==",
      "dev": true
    },
    "function-bind": {
      "version": "1.1.2",
      "resolved": "https://registry.npmjs.org/function-bind/-/function-bind-1.1.2.tgz",
      "integrity": "sha512-7XHNxH7qX9xG5mIwxkhumTox/MIRNcOgDrxWsMt2pAr23WHp6MrRlN7FBSFpCpr+oVO0F744iUgR82nJMfG2SA=="
    },
    "get-intrinsic": {
      "version": "1.2.2",
      "resolved": "https://registry.npmjs.org/get-intrinsic/-/get-intrinsic-1.2.2.tgz",
      "integrity": "sha512-0gSo4ml/0j98Y3lngkFEot/zhiCeWsbYIlZ+uZOVgzLyLaUw7wxUL+nCTP0XJvJg1AXulJRI3UJi8GsbDuxdGA==",
      "requires": {
        "function-bind": "^1.1.2",
        "has-proto": "^1.0.1",
        "has-symbols": "^1.0.3",
        "hasown": "^2.0.0"
      }
    },
    "glob": {
      "version": "7.2.3",
      "resolved": "https://registry.npmjs.org/glob/-/glob-7.2.3.tgz",
      "integrity": "sha512-nFR0zLpU2YCaRxwoCJvL6UvCH2JFyFVIvwTLsIf21AuHlMskA1hhTdk+LlYJtOlYt9v6dvszD2BGRqBL+iQK9Q==",
      "dev": true,
      "requires": {
        "fs.realpath": "^1.0.0",
        "inflight": "^1.0.4",
        "inherits": "2",
        "minimatch": "^3.1.1",
        "once": "^1.3.0",
        "path-is-absolute": "^1.0.0"
      }
    },
    "gopd": {
      "version": "1.0.1",
      "resolved": "https://registry.npmjs.org/gopd/-/gopd-1.0.1.tgz",
      "integrity": "sha512-d65bNlIadxvpb/A2abVdlqKqV563juRnZ1Wtk6s1sIR8uNsXR70xqIzVqxVf1eTqDunwT2MkczEeaezCKTZhwA==",
      "requires": {
        "get-intrinsic": "^1.1.3"
      }
    },
    "graceful-fs": {
      "version": "4.2.11",
      "resolved": "https://registry.npmjs.org/graceful-fs/-/graceful-fs-4.2.11.tgz",
      "integrity": "sha512-RbJ5/jmFcNNCcDV5o9eTnBLJ/HszWV0P73bc+Ff4nS/rJj+YaS6IGyiOL0VoBYX+l1Wrl3k63h/KrH+nhJ0XvQ==",
      "dev": true
    },
    "has-property-descriptors": {
      "version": "1.0.1",
      "resolved": "https://registry.npmjs.org/has-property-descriptors/-/has-property-descriptors-1.0.1.tgz",
      "integrity": "sha512-VsX8eaIewvas0xnvinAe9bw4WfIeODpGYikiWYLH+dma0Jw6KHYqWiWfhQlgOVK8D6PvjubK5Uc4P0iIhIcNVg==",
      "requires": {
        "get-intrinsic": "^1.2.2"
      }
    },
    "has-proto": {
      "version": "1.0.1",
      "resolved": "https://registry.npmjs.org/has-proto/-/has-proto-1.0.1.tgz",
      "integrity": "sha512-7qE+iP+O+bgF9clE5+UoBFzE65mlBiVj3tKCrlNQ0Ogwm0BjpT/gK4SlLYDMybDh5I3TCTKnPPa0oMG7JDYrhg=="
    },
    "has-symbols": {
      "version": "1.0.3",
      "resolved": "https://registry.npmjs.org/has-symbols/-/has-symbols-1.0.3.tgz",
      "integrity": "sha512-l3LCuF6MgDNwTDKkdYGEihYjt5pRPbEg46rtlmnSPlUbgmB8LOIrKJbYYFBSbnPaJexMKtiPO8hmeRjRz2Td+A=="
    },
    "hasown": {
      "version": "2.0.0",
      "resolved": "https://registry.npmjs.org/hasown/-/hasown-2.0.0.tgz",
      "integrity": "sha512-vUptKVTpIJhcczKBbgnS+RtcuYMB8+oNzPK2/Hp3hanz8JmpATdmmgLgSaadVREkDm+e2giHwY3ZRkyjSIDDFA==",
      "requires": {
        "function-bind": "^1.1.2"
      }
    },
    "iferr": {
      "version": "0.1.5",
      "resolved": "https://registry.npmjs.org/iferr/-/iferr-0.1.5.tgz",
      "integrity": "sha512-DUNFN5j7Tln0D+TxzloUjKB+CtVu6myn0JEFak6dG18mNt9YkQ6lzGCdafwofISZ1lLF3xRHJ98VKy9ynkcFaA==",
      "dev": true
    },
    "imurmurhash": {
      "version": "0.1.4",
      "resolved": "https://registry.npmjs.org/imurmurhash/-/imurmurhash-0.1.4.tgz",
      "integrity": "sha512-JmXMZ6wuvDmLiHEml9ykzqO6lwFbof0GG4IkcGaENdCRDDmMVnny7s5HsIgHCbaq0w2MyPhDqkhTUgS2LU2PHA==",
      "dev": true
    },
    "infer-owner": {
      "version": "1.0.4",
      "resolved": "https://registry.npmjs.org/infer-owner/-/infer-owner-1.0.4.tgz",
      "integrity": "sha512-IClj+Xz94+d7irH5qRyfJonOdfTzuDaifE6ZPWfx0N0+/ATZCbuTPq2prFl526urkQd90WyUKIh1DfBQ2hMz9A==",
      "dev": true
    },
    "inflight": {
      "version": "1.0.6",
      "resolved": "https://registry.npmjs.org/inflight/-/inflight-1.0.6.tgz",
      "integrity": "sha512-k92I/b08q4wvFscXCLvqfsHCrjrF7yiXsQuIVvVE7N82W3+aqpzuUdBbfhWcy/FZR3/4IgflMgKLOsvPDrGCJA==",
      "dev": true,
      "requires": {
        "once": "^1.3.0",
        "wrappy": "1"
      }
    },
    "inherits": {
      "version": "2.0.4",
      "resolved": "https://registry.npmjs.org/inherits/-/inherits-2.0.4.tgz",
      "integrity": "sha512-k/vGaX4/Yla3WzyMCvTQOXYeIHvqOKtnqBduzTHpzpQZzAskKMhZ2K+EnBiSM9zGSoIFeMpXKxa4dYeZIQqewQ==",
      "dev": true
    },
    "is-extglob": {
      "version": "2.1.1",
      "resolved": "https://registry.npmjs.org/is-extglob/-/is-extglob-2.1.1.tgz",
      "integrity": "sha512-SbKbANkN603Vi4jEZv49LeVJMn4yGwsbzZworEoyEiutsN3nJYdbO36zfhGJ6QEDpOZIFkDtnq5JRxmvl3jsoQ==",
      "dev": true
    },
    "is-glob": {
      "version": "4.0.3",
      "resolved": "https://registry.npmjs.org/is-glob/-/is-glob-4.0.3.tgz",
      "integrity": "sha512-xelSayHH36ZgE7ZWhli7pW34hNbNl8Ojv5KVmkJD4hBdD3th8Tfk9vYasLM+mXWOZhFkgZfxhLSnrwRr4elSSg==",
      "dev": true,
      "requires": {
        "is-extglob": "^2.1.1"
      }
    },
    "isarray": {
      "version": "1.0.0",
      "resolved": "https://registry.npmjs.org/isarray/-/isarray-1.0.0.tgz",
      "integrity": "sha512-VLghIWNM6ELQzo7zwmcg0NmTVyWKYjvIeM83yjp0wRDTmUnrM678fQbcKBo6n2CJEF0szoG//ytg+TKla89ALQ==",
      "dev": true
    },
    "js-base64": {
      "version": "3.7.5",
      "resolved": "https://registry.npmmirror.com/js-base64/-/js-base64-3.7.5.tgz",
      "integrity": "sha512-3MEt5DTINKqfScXKfJFrRbxkrnk2AxPWGBL/ycjz4dK8iqiSJ06UxD8jh8xuh6p10TX4t2+7FsBYVxxQbMg+qA=="
    },
    "js-pinyin": {
      "version": "0.2.5",
      "resolved": "https://registry.npmmirror.com/js-pinyin/-/js-pinyin-0.2.5.tgz",
      "integrity": "sha512-XuqAZ9fctWCzKx/ALgsDRtfd/xwaC/IyAwkDkW8jTXhlVNRuj+lG2tKEOWraCHLgaOSPkSFFWXB3qjfNTaMU6A=="
    },
    "json5": {
      "version": "1.0.2",
      "resolved": "https://registry.npmjs.org/json5/-/json5-1.0.2.tgz",
      "integrity": "sha512-g1MWMLBiz8FKi1e4w0UyVL3w+iJceWAFBAaBnnGKOpNa5f8TLktkbre1+s6oICydWAm+HRUGTmI+//xv2hvXYA==",
      "dev": true,
      "requires": {
        "minimist": "^1.2.0"
      }
    },
    "loader-utils": {
      "version": "1.4.2",
      "resolved": "https://registry.npmjs.org/loader-utils/-/loader-utils-1.4.2.tgz",
      "integrity": "sha512-I5d00Pd/jwMD2QCduo657+YM/6L3KZu++pmX9VFncxaxvHcru9jx1lBaFft+r4Mt2jK0Yhp41XlRAihzPxHNCg==",
      "dev": true,
      "requires": {
        "big.js": "^5.2.2",
        "emojis-list": "^3.0.0",
        "json5": "^1.0.1"
      }
    },
    "locate-path": {
      "version": "3.0.0",
      "resolved": "https://registry.npmjs.org/locate-path/-/locate-path-3.0.0.tgz",
      "integrity": "sha512-7AO748wWnIhNqAuaty2ZWHkQHRSNfPVIsPIfwEOWO22AmaoVrWavlOcMR5nzTLNYvp36X220/maaRsrec1G65A==",
      "dev": true,
      "requires": {
        "p-locate": "^3.0.0",
        "path-exists": "^3.0.0"
      }
    },
    "lru-cache": {
      "version": "5.1.1",
      "resolved": "https://registry.npmjs.org/lru-cache/-/lru-cache-5.1.1.tgz",
      "integrity": "sha512-KpNARQA3Iwv+jTA0utUVVbrh+Jlrr1Fv0e56GGzAFOXN7dk/FviaDW8LHmK52DlcH4WP2n6gI8vN1aesBFgo9w==",
      "dev": true,
      "requires": {
        "yallist": "^3.0.2"
      }
    },
    "lucky-canvas": {
      "version": "1.7.27",
      "resolved": "https://registry.npmmirror.com/lucky-canvas/-/lucky-canvas-1.7.27.tgz",
      "integrity": "sha512-Ftz6qD+863bI7xijBmZg3dw3cNEc7odPr70EZQcGA14y3TgTAzH65HPosOCd6kKUlMwhntBaHMx3onoj9MtJRQ=="
    },
    "make-dir": {
      "version": "2.1.0",
      "resolved": "https://registry.npmjs.org/make-dir/-/make-dir-2.1.0.tgz",
      "integrity": "sha512-LS9X+dc8KLxXCb8dni79fLIIUA5VyZoyjSMCwTluaXA0o27cCK0bhXkpgw+sTXVpPy/lSO57ilRixqk0vDmtRA==",
      "dev": true,
      "requires": {
        "pify": "^4.0.1",
        "semver": "^5.6.0"
      }
    },
    "minimatch": {
      "version": "3.1.2",
      "resolved": "https://registry.npmjs.org/minimatch/-/minimatch-3.1.2.tgz",
      "integrity": "sha512-J7p63hRiAjw1NDEww1W7i37+ByIrOWO5XQQAzZ3VOcL0PNybwpfmV/N05zFAzwQ9USyEcX6t3UO+K5aqBQOIHw==",
      "dev": true,
      "requires": {
        "brace-expansion": "^1.1.7"
      }
    },
    "minimist": {
      "version": "1.2.8",
      "resolved": "https://registry.npmjs.org/minimist/-/minimist-1.2.8.tgz",
      "integrity": "sha512-2yyAR8qBkN3YuheJanUpWC5U3bb5osDywNB8RzDVlDwDHbocAJveqqj1u8+SVD7jkWT4yvsHCpWqqWqAxb0zCA==",
      "dev": true
    },
    "mississippi": {
      "version": "3.0.0",
      "resolved": "https://registry.npmjs.org/mississippi/-/mississippi-3.0.0.tgz",
      "integrity": "sha512-x471SsVjUtBRtcvd4BzKE9kFC+/2TeWgKCgw0bZcw1b9l2X3QX5vCWgF+KaZaYm87Ss//rHnWryupDrgLvmSkA==",
      "dev": true,
      "requires": {
        "concat-stream": "^1.5.0",
        "duplexify": "^3.4.2",
        "end-of-stream": "^1.1.0",
        "flush-write-stream": "^1.0.0",
        "from2": "^2.1.0",
        "parallel-transform": "^1.1.0",
        "pump": "^3.0.0",
        "pumpify": "^1.3.3",
        "stream-each": "^1.1.0",
        "through2": "^2.0.0"
      }
    },
    "mkdirp": {
      "version": "0.5.6",
      "resolved": "https://registry.npmjs.org/mkdirp/-/mkdirp-0.5.6.tgz",
      "integrity": "sha512-FP+p8RB8OWpF3YZBCrP5gtADmtXApB5AMLn+vdyA+PyxCjrCs00mjyUozssO33cwDeT3wNGdLxJ5M//YqtHAJw==",
      "dev": true,
      "requires": {
        "minimist": "^1.2.6"
      }
    },
    "moment": {
      "version": "2.30.1",
      "resolved": "https://registry.npmmirror.com/moment/-/moment-2.30.1.tgz",
      "integrity": "sha512-uEmtNhbDOrWPFS+hdjFCBfy9f2YoyzRpwcl+DqpC6taX21FzsTLQVbMV/W7PzNSX6x/bhC1zA3c2UQ5NzH6how=="
    },
    "move-concurrently": {
      "version": "1.0.1",
      "resolved": "https://registry.npmjs.org/move-concurrently/-/move-concurrently-1.0.1.tgz",
      "integrity": "sha512-hdrFxZOycD/g6A6SoI2bB5NA/5NEqD0569+S47WZhPvm46sD50ZHdYaFmnua5lndde9rCHGjmfK7Z8BuCt/PcQ==",
      "dev": true,
      "requires": {
        "aproba": "^1.1.1",
        "copy-concurrently": "^1.0.0",
        "fs-write-stream-atomic": "^1.0.8",
        "mkdirp": "^0.5.1",
        "rimraf": "^2.5.4",
        "run-queue": "^1.0.3"
      }
    },
    "mutation-observer": {
      "version": "1.0.3",
      "resolved": "https://registry.npmmirror.com/mutation-observer/-/mutation-observer-1.0.3.tgz",
      "integrity": "sha512-M/O/4rF2h776hV7qGMZUH3utZLO/jK7p8rnNgGkjKUw8zCGjRQPxB8z6+5l8+VjRUQ3dNYu4vjqXYLr+U8ZVNA==",
      "dev": true
    },
    "normalize-path": {
      "version": "3.0.0",
      "resolved": "https://registry.npmjs.org/normalize-path/-/normalize-path-3.0.0.tgz",
      "integrity": "sha512-6eZs5Ls3WtCisHWp9S2GUy8dqkpGi4BVSz3GaqiE6ezub0512ESztXUwUB6C6IKbQkY2Pnb/mD4WYojCRwcwLA==",
      "dev": true
    },
    "object-inspect": {
      "version": "1.13.1",
      "resolved": "https://registry.npmjs.org/object-inspect/-/object-inspect-1.13.1.tgz",
      "integrity": "sha512-5qoj1RUiKOMsCCNLV1CBiPYE10sziTsnmNxkAI/rZhiD63CF7IqdFGC/XzjWjpSgLf0LxXX3bDFIh0E18f6UhQ=="
    },
    "once": {
      "version": "1.4.0",
      "resolved": "https://registry.npmjs.org/once/-/once-1.4.0.tgz",
      "integrity": "sha512-lNaJgI+2Q5URQBkccEKHTQOPaXdUxnZZElQTZY0MFUAuaEqe1E+Nyvgdz/aIyNi6Z9MzO5dv1H8n58/GELp3+w==",
      "dev": true,
      "requires": {
        "wrappy": "1"
      }
    },
    "p-limit": {
      "version": "2.3.0",
      "resolved": "https://registry.npmjs.org/p-limit/-/p-limit-2.3.0.tgz",
      "integrity": "sha512-//88mFWSJx8lxCzwdAABTJL2MyWB12+eIY7MDL2SqLmAkeKU9qxRvWuSyTjm3FUmpBEMuFfckAIqEaVGUDxb6w==",
      "dev": true,
      "requires": {
        "p-try": "^2.0.0"
      }
    },
    "p-locate": {
      "version": "3.0.0",
      "resolved": "https://registry.npmjs.org/p-locate/-/p-locate-3.0.0.tgz",
      "integrity": "sha512-x+12w/To+4GFfgJhBEpiDcLozRJGegY+Ei7/z0tSLkMmxGZNybVMSfWj9aJn8Z5Fc7dBUNJOOVgPv2H7IwulSQ==",
      "dev": true,
      "requires": {
        "p-limit": "^2.0.0"
      }
    },
    "p-try": {
      "version": "2.2.0",
      "resolved": "https://registry.npmjs.org/p-try/-/p-try-2.2.0.tgz",
      "integrity": "sha512-R4nPAVTAU0B9D35/Gk3uJf/7XYbQcyohSKdvAxIRSNghFl4e71hVoGnBNQz9cWaXxO2I10KTC+3jMdvvoKw6dQ==",
      "dev": true
    },
    "parallel-transform": {
      "version": "1.2.0",
      "resolved": "https://registry.npmjs.org/parallel-transform/-/parallel-transform-1.2.0.tgz",
      "integrity": "sha512-P2vSmIu38uIlvdcU7fDkyrxj33gTUy/ABO5ZUbGowxNCopBq/OoD42bP4UmMrJoPyk4Uqf0mu3mtWBhHCZD8yg==",
      "dev": true,
      "requires": {
        "cyclist": "^1.0.1",
        "inherits": "^2.0.3",
        "readable-stream": "^2.1.5"
      }
    },
    "path-dirname": {
      "version": "1.0.2",
      "resolved": "https://registry.npmjs.org/path-dirname/-/path-dirname-1.0.2.tgz",
      "integrity": "sha512-ALzNPpyNq9AqXMBjeymIjFDAkAFH06mHJH/cSBHAgU0s4vfpBn6b2nf8tiRLvagKD8RbTpq2FKTBg7cl9l3c7Q==",
      "dev": true
    },
    "path-exists": {
      "version": "3.0.0",
      "resolved": "https://registry.npmjs.org/path-exists/-/path-exists-3.0.0.tgz",
      "integrity": "sha512-bpC7GYwiDYQ4wYLe+FA8lhRjhQCMcQGuSgGGqDkg/QerRWw9CmGRT0iSOVRSZJ29NMLZgIzqaljJ63oaL4NIJQ==",
      "dev": true
    },
    "path-is-absolute": {
      "version": "1.0.1",
      "resolved": "https://registry.npmjs.org/path-is-absolute/-/path-is-absolute-1.0.1.tgz",
      "integrity": "sha512-AVbw3UJ2e9bq64vSaS9Am0fje1Pa8pbGqTTsmXfaIiMpnr5DlDhfJOuLj9Sf95ZPVDAUerDfEk88MPmPe7UCQg==",
      "dev": true
    },
    "pify": {
      "version": "4.0.1",
      "resolved": "https://registry.npmjs.org/pify/-/pify-4.0.1.tgz",
      "integrity": "sha512-uB80kBFb/tfd68bVleG9T5GGsGPjJrLAUpR5PZIrhBnIaRTQRjqdJSsIKkOP6OAIFbj7GOrcudc5pNjZ+geV2g==",
      "dev": true
    },
    "pkg-dir": {
      "version": "3.0.0",
      "resolved": "https://registry.npmjs.org/pkg-dir/-/pkg-dir-3.0.0.tgz",
      "integrity": "sha512-/E57AYkoeQ25qkxMj5PBOVgF8Kiu/h7cYS30Z5+R7WaiCCBfLq58ZI/dSeaEKb9WVJV5n/03QwrN3IeWIFllvw==",
      "dev": true,
      "requires": {
        "find-up": "^3.0.0"
      }
    },
    "process-nextick-args": {
      "version": "2.0.1",
      "resolved": "https://registry.npmjs.org/process-nextick-args/-/process-nextick-args-2.0.1.tgz",
      "integrity": "sha512-3ouUOpQhtgrbOa17J7+uxOTpITYWaGP7/AhoR3+A+/1e9skrzelGi/dXzEYyvbxubEF6Wn2ypscTKiKJFFn1ag==",
      "dev": true
    },
    "promise-inflight": {
      "version": "1.0.1",
      "resolved": "https://registry.npmjs.org/promise-inflight/-/promise-inflight-1.0.1.tgz",
      "integrity": "sha512-6zWPyEOFaQBJYcGMHBKTKJ3u6TBsnMFOIZSa6ce1e/ZrrsOlnHRHbabMjLiBYKp+n44X9eUI6VUPaukCXHuG4g==",
      "dev": true
    },
    "pump": {
      "version": "3.0.0",
      "resolved": "https://registry.npmjs.org/pump/-/pump-3.0.0.tgz",
      "integrity": "sha512-LwZy+p3SFs1Pytd/jYct4wpv49HiYCqd9Rlc5ZVdk0V+8Yzv6jR5Blk3TRmPL1ft69TxP0IMZGJ+WPFU2BFhww==",
      "dev": true,
      "requires": {
        "end-of-stream": "^1.1.0",
        "once": "^1.3.1"
      }
    },
    "pumpify": {
      "version": "1.5.1",
      "resolved": "https://registry.npmjs.org/pumpify/-/pumpify-1.5.1.tgz",
      "integrity": "sha512-oClZI37HvuUJJxSKKrC17bZ9Cu0ZYhEAGPsPUy9KlMUmv9dKX2o77RUmq7f3XjIxbwyGwYzbzQ1L2Ks8sIradQ==",
      "dev": true,
      "requires": {
        "duplexify": "^3.6.0",
        "inherits": "^2.0.3",
        "pump": "^2.0.0"
      },
      "dependencies": {
        "pump": {
          "version": "2.0.1",
          "resolved": "https://registry.npmjs.org/pump/-/pump-2.0.1.tgz",
          "integrity": "sha512-ruPMNRkN3MHP1cWJc9OWr+T/xDP0jhXYCLfJcBuX54hhfIBnaQmAUMfDcG4DM5UMWByBbJY69QSphm3jtDKIkA==",
          "dev": true,
          "requires": {
            "end-of-stream": "^1.1.0",
            "once": "^1.3.1"
          }
        }
      }
    },
    "punycode": {
      "version": "2.3.1",
      "resolved": "https://registry.npmjs.org/punycode/-/punycode-2.3.1.tgz",
      "integrity": "sha512-vYt7UD1U9Wg6138shLtLOvdAu+8DsC/ilFtEVHcH+wydcSpNE20AfSOduf6MkRFahL5FY7X1oU7nKVZFtfq8Fg==",
      "dev": true
    },
    "qs": {
      "version": "6.11.2",
      "resolved": "https://registry.npmjs.org/qs/-/qs-6.11.2.tgz",
      "integrity": "sha512-tDNIz22aBzCDxLtVH++VnTfzxlfeK5CbqohpSqpJgj1Wg/cQbStNAz3NuqCs5vV+pjBsK4x4pN9HlVh7rcYRiA==",
      "requires": {
        "side-channel": "^1.0.4"
      }
    },
    "readable-stream": {
      "version": "2.3.8",
      "resolved": "https://registry.npmjs.org/readable-stream/-/readable-stream-2.3.8.tgz",
      "integrity": "sha512-8p0AUk4XODgIewSi0l8Epjs+EVnWiK7NoDIEGU0HhE7+ZyY8D1IMY7odu5lRrFXGg71L15KG8QrPmum45RTtdA==",
      "dev": true,
      "requires": {
        "core-util-is": "~1.0.0",
        "inherits": "~2.0.3",
        "isarray": "~1.0.0",
        "process-nextick-args": "~2.0.0",
        "safe-buffer": "~5.1.1",
        "string_decoder": "~1.1.1",
        "util-deprecate": "~1.0.1"
      },
      "dependencies": {
        "safe-buffer": {
          "version": "5.1.2",
          "resolved": "https://registry.npmjs.org/safe-buffer/-/safe-buffer-5.1.2.tgz",
          "integrity": "sha512-Gd2UZBJDkXlY7GbJxfsE8/nvKkUEU1G38c1siN6QP6a9PT9MmHB8GnpscSmMJSoF8LOIrt8ud/wPtojys4G6+g==",
          "dev": true
        }
      }
    },
    "regenerator-runtime": {
      "version": "0.14.1",
      "resolved": "https://registry.npmmirror.com/regenerator-runtime/-/regenerator-runtime-0.14.1.tgz",
      "integrity": "sha512-dYnhHh0nJoMfnkZs6GmmhFknAGRrLznOu5nc9ML+EJxGvrx6H7teuevqVqCuPcPK//3eDrrjQhehXVx9cnkGdw==",
      "dev": true
    },
    "rimraf": {
      "version": "2.7.1",
      "resolved": "https://registry.npmjs.org/rimraf/-/rimraf-2.7.1.tgz",
      "integrity": "sha512-uWjbaKIK3T1OSVptzX7Nl6PvQ3qAGtKEtVRjRuazjfL3Bx5eI409VZSqgND+4UNnmzLVdPj9FqFJNPqBZFve4w==",
      "dev": true,
      "requires": {
        "glob": "^7.1.3"
      }
    },
    "run-queue": {
      "version": "1.0.3",
      "resolved": "https://registry.npmjs.org/run-queue/-/run-queue-1.0.3.tgz",
      "integrity": "sha512-ntymy489o0/QQplUDnpYAYUsO50K9SBrIVaKCWDOJzYJts0f9WH9RFJkyagebkw5+y1oi00R7ynNW/d12GBumg==",
      "dev": true,
      "requires": {
        "aproba": "^1.1.1"
      }
    },
    "semver": {
      "version": "5.7.2",
      "resolved": "https://registry.npmjs.org/semver/-/semver-5.7.2.tgz",
      "integrity": "sha512-cBznnQ9KjJqU67B52RMC65CMarK2600WFnbkcaiwWq3xy/5haFJlshgnpjovMVJ+Hff49d8GEn0b87C5pDQ10g==",
      "dev": true
    },
    "set-function-length": {
      "version": "1.1.1",
      "resolved": "https://registry.npmjs.org/set-function-length/-/set-function-length-1.1.1.tgz",
      "integrity": "sha512-VoaqjbBJKiWtg4yRcKBQ7g7wnGnLV3M8oLvVWwOk2PdYY6PEFegR1vezXR0tw6fZGF9csVakIRjrJiy2veSBFQ==",
      "requires": {
        "define-data-property": "^1.1.1",
        "get-intrinsic": "^1.2.1",
        "gopd": "^1.0.1",
        "has-property-descriptors": "^1.0.0"
      }
    },
    "side-channel": {
      "version": "1.0.4",
      "resolved": "https://registry.npmjs.org/side-channel/-/side-channel-1.0.4.tgz",
      "integrity": "sha512-q5XPytqFEIKHkGdiMIrY10mvLRvnQh42/+GoBlFW3b2LXLE2xxJpZFdm94we0BaoV3RwJyGqg5wS7epxTv0Zvw==",
      "requires": {
        "call-bind": "^1.0.0",
        "get-intrinsic": "^1.0.2",
        "object-inspect": "^1.9.0"
      }
    },
    "ssri": {
      "version": "6.0.2",
      "resolved": "https://registry.npmjs.org/ssri/-/ssri-6.0.2.tgz",
      "integrity": "sha512-cepbSq/neFK7xB6A50KHN0xHDotYzq58wWCa5LeWqnPrHG8GzfEjO/4O8kpmcGW+oaxkvhEJCWgbgNk4/ZV93Q==",
      "dev": true,
      "requires": {
        "figgy-pudding": "^3.5.1"
      }
    },
    "stream-each": {
      "version": "1.2.3",
      "resolved": "https://registry.npmjs.org/stream-each/-/stream-each-1.2.3.tgz",
      "integrity": "sha512-vlMC2f8I2u/bZGqkdfLQW/13Zihpej/7PmSiMQsbYddxuTsJp8vRe2x2FvVExZg7FaOds43ROAuFJwPR4MTZLw==",
      "dev": true,
      "requires": {
        "end-of-stream": "^1.1.0",
        "stream-shift": "^1.0.0"
      }
    },
    "stream-shift": {
      "version": "1.0.3",
      "resolved": "https://registry.npmjs.org/stream-shift/-/stream-shift-1.0.3.tgz",
      "integrity": "sha512-76ORR0DO1o1hlKwTbi/DM3EXWGf3ZJYO8cXX5RJwnul2DEg2oyoZyjLNoQM8WsvZiFKCRfC1O0J7iCvie3RZmQ==",
      "dev": true
    },
    "string_decoder": {
      "version": "1.1.1",
      "resolved": "https://registry.npmjs.org/string_decoder/-/string_decoder-1.1.1.tgz",
      "integrity": "sha512-n/ShnvDi6FHbbVfviro+WojiFzv+s8MPMHBczVePfUpDJLwoLT0ht1l4YwBCbi8pJAveEEdnkHyPyTP/mzRfwg==",
      "dev": true,
      "requires": {
        "safe-buffer": "~5.1.0"
      },
      "dependencies": {
        "safe-buffer": {
          "version": "5.1.2",
          "resolved": "https://registry.npmjs.org/safe-buffer/-/safe-buffer-5.1.2.tgz",
          "integrity": "sha512-Gd2UZBJDkXlY7GbJxfsE8/nvKkUEU1G38c1siN6QP6a9PT9MmHB8GnpscSmMJSoF8LOIrt8ud/wPtojys4G6+g==",
          "dev": true
        }
      }
    },
    "through2": {
      "version": "2.0.5",
      "resolved": "https://registry.npmjs.org/through2/-/through2-2.0.5.tgz",
      "integrity": "sha512-/mrRod8xqpA+IHSLyGCQ2s8SPHiCDEeQJSep1jqLYeEUClOFG2Qsh+4FU6G9VeqpZnGW/Su8LQGc4YKni5rYSQ==",
      "dev": true,
      "requires": {
        "readable-stream": "~2.3.6",
        "xtend": "~4.0.1"
      }
    },
    "typedarray": {
      "version": "0.0.6",
      "resolved": "https://registry.npmjs.org/typedarray/-/typedarray-0.0.6.tgz",
      "integrity": "sha512-/aCDEGatGvZ2BIk+HmLf4ifCJFwvKFNb9/JeZPMulfgFracn9QFcAf5GO8B/mweUjSoblS5In0cWhqpfs/5PQA==",
      "dev": true
    },
    "unique-filename": {
      "version": "1.1.1",
      "resolved": "https://registry.npmjs.org/unique-filename/-/unique-filename-1.1.1.tgz",
      "integrity": "sha512-Vmp0jIp2ln35UTXuryvjzkjGdRyf9b2lTXuSYUiPmzRcl3FDtYqAwOnTJkAngD9SWhnoJzDbTKwaOrZ+STtxNQ==",
      "dev": true,
      "requires": {
        "unique-slug": "^2.0.0"
      }
    },
    "unique-slug": {
      "version": "2.0.2",
      "resolved": "https://registry.npmjs.org/unique-slug/-/unique-slug-2.0.2.tgz",
      "integrity": "sha512-zoWr9ObaxALD3DOPfjPSqxt4fnZiWblxHIgeWqW8x7UqDzEtHEQLzji2cuJYQFCU6KmoJikOYAZlrTHHebjx2w==",
      "dev": true,
      "requires": {
        "imurmurhash": "^0.1.4"
      }
    },
    "uri-js": {
      "version": "4.4.1",
      "resolved": "https://registry.npmjs.org/uri-js/-/uri-js-4.4.1.tgz",
      "integrity": "sha512-7rKUyy33Q1yc98pQ1DAmLtwX109F7TIfWlW1Ydo8Wl1ii1SeHieeh0HHfPeL2fMXK6z0s8ecKs9frCuLJvndBg==",
      "dev": true,
      "requires": {
        "punycode": "^2.1.0"
      }
    },
    "util-deprecate": {
      "version": "1.0.2",
      "resolved": "https://registry.npmjs.org/util-deprecate/-/util-deprecate-1.0.2.tgz",
      "integrity": "sha512-EPD5q1uXyFxJpCrLnCc1nHnq3gOa6DZBocAIiI2TaSCA7VCJ1UJDMagCzIkXNsUYfD1daK//LTEQ8xiIbrHtcw==",
      "dev": true
    },
    "uuid": {
      "version": "3.4.0",
      "resolved": "https://registry.npmjs.org/uuid/-/uuid-3.4.0.tgz",
      "integrity": "sha512-HjSDRw6gZE5JMggctHBcjVak08+KEVhSIiDzFnT9S9aegmp85S/bReBVTb4QTFaRNptJ9kuYaNhnbNEOkbKb/A==",
      "dev": true
    },
    "uview-ui": {
      "version": "1.8.8",
      "resolved": "https://registry.npmmirror.com/uview-ui/-/uview-ui-1.8.8.tgz",
      "integrity": "sha512-Osal3yzXiHor0In9OPTZuXTaqTbDglMZ9RGK/MPYDoQQs+y0hrBCUD0Xp5T70C8i2lLu2X6Z11zJhmsQWMR7Jg=="
    },
    "vconsole": {
      "version": "3.15.1",
      "resolved": "https://registry.npmmirror.com/vconsole/-/vconsole-3.15.1.tgz",
      "integrity": "sha512-KH8XLdrq9T5YHJO/ixrjivHfmF2PC2CdVoK6RWZB4yftMykYIaXY1mxZYAic70vADM54kpMQF+dYmvl5NRNy1g==",
      "dev": true,
      "requires": {
        "@babel/runtime": "^7.17.2",
        "copy-text-to-clipboard": "^3.0.1",
        "core-js": "^3.11.0",
        "mutation-observer": "^1.0.3"
      }
    },
    "vue-demi": {
      "version": "0.7.5",
      "resolved": "https://registry.npmmirror.com/vue-demi/-/vue-demi-0.7.5.tgz",
      "integrity": "sha512-eFSQSvbQdY7C9ujOzvM6tn7XxwLjn0VQDXQsiYBLBwf28Na+2nTQR4BBBcomhmdP6mmHlBKAwarq6a0BPG87hQ=="
    },
    "webpack-log": {
      "version": "2.0.0",
      "resolved": "https://registry.npmjs.org/webpack-log/-/webpack-log-2.0.0.tgz",
      "integrity": "sha512-cX8G2vR/85UYG59FgkoMamwHUIkSSlV3bBMRsbxVXVUk2j6NleCKjQ/WE9eYg9WY4w25O9w8wKP4rzNZFmUcUg==",
      "dev": true,
      "requires": {
        "ansi-colors": "^3.0.0",
        "uuid": "^3.3.2"
      }
    },
    "weixin-js-sdk": {
      "version": "1.6.5",
      "resolved": "https://registry.npmjs.org/weixin-js-sdk/-/weixin-js-sdk-1.6.5.tgz",
      "integrity": "sha512-Gph1WAWB2YN/lMOFB/ymb+hbU/wYazzJgu6PMMktCy9cSCeW5wA6Zwt0dpahJbJ+RJEwtTv2x9iIu0U4enuVSQ=="
    },
    "wrappy": {
      "version": "1.0.2",
      "resolved": "https://registry.npmjs.org/wrappy/-/wrappy-1.0.2.tgz",
      "integrity": "sha512-l4Sp/DRseor9wL6EvV2+TuQn63dMkPjZ/sp9XkghTEbV9KlPS1xUsZ3u7/IQO4wxtcFB4bgpQPRcR3QCvezPcQ==",
      "dev": true
    },
    "xtend": {
      "version": "4.0.2",
      "resolved": "https://registry.npmjs.org/xtend/-/xtend-4.0.2.tgz",
      "integrity": "sha512-LKYU1iAXJXUgAXn9URjiu+MWhyUXHsvfp7mcuYm9dSUKK0/CjtrUwFAxD82/mCWbtLsGjFIad0wIsod4zrTAEQ==",
      "dev": true
    },
    "y18n": {
      "version": "4.0.3",
      "resolved": "https://registry.npmjs.org/y18n/-/y18n-4.0.3.tgz",
      "integrity": "sha512-JKhqTOwSrqNA1NY5lSztJ1GrBiUodLMmIZuLiDaMRJ+itFd+ABVE8XBjOvIWL+rSqNDC74LCSFmlb/U4UZ4hJQ==",
      "dev": true
    },
    "yallist": {
      "version": "3.1.1",
      "resolved": "https://registry.npmjs.org/yallist/-/yallist-3.1.1.tgz",
      "integrity": "sha512-a4UGQaWPH59mOXUYnAG2ewncQS4i4F43Tv3JoAM+s2VDAmS9NsK8GpDMLrCHPksFT7h3K6TOoUNn2pb7RoXx4g==",
      "dev": true
    }
  }
}
